
Microsoft Visual Studio Solution File, Format Version 12.00
# Visual Studio Version 17
VisualStudioVersion = 17.6.33815.320
MinimumVisualStudioVersion = 10.0.40219.1
Project("{FAE04EC0-301F-11D3-BF4B-00C04F79EFBC}") = "WpfApp3", "WpfApp3\WpfApp3.csproj", "{C88DB215-5FFA-4D41-8BB3-E665326E94ED}"
EndProject
Global
	GlobalSection(SolutionConfigurationPlatforms) = preSolution
		Debug|Any CPU = Debug|Any CPU
		Release|Any CPU = Release|Any CPU
	EndGlobalSection
	GlobalSection(ProjectConfigurationPlatforms) = postSolution
		{C88DB215-5FFA-4D41-8BB3-E665326E94ED}.Debug|Any CPU.ActiveCfg = Debug|Any CPU
		{C88DB215-5FFA-4D41-8BB3-E665326E94ED}.Debug|Any CPU.Build.0 = Debug|Any CPU
		{C88DB215-5FFA-4D41-8BB3-E665326E94ED}.Release|Any CPU.ActiveCfg = Release|Any CPU
		{C88DB215-5FFA-4D41-8BB3-E665326E94ED}.Release|Any CPU.Build.0 = Release|Any CPU
	EndGlobalSection
	GlobalSection(SolutionProperties) = preSolution
		HideSolutionNode = FALSE
	EndGlobalSection
	GlobalSection(ExtensibilityGlobals) = postSolution
		SolutionGuid = {C6B6B5AF-29C9-45C4-8302-519DC1D903B2}
	EndGlobalSection
EndGlobal
